// !$*UTF8*$!
{
	archiveVersion = 1;
	classes = {
	};
	objectVersion = 56;
	objects = {

/* Begin PBXBuildFile section */
		4691AE082AB0F8E800725982 /* RickAndMorty.xcdatamodeld in Sources */ = {isa = PBXBuildFile; fileRef = 4691AE062AB0F8E800725982 /* RickAndMorty.xcdatamodeld */; };
		46DD43322AAA7017001A7914 /* RickAndMortyApp.swift in Sources */ = {isa = PBXBuildFile; fileRef = 46DD43312AAA7017001A7914 /* RickAndMortyApp.swift */; };
		46DD43362AAA7018001A7914 /* Assets.xcassets in Resources */ = {isa = PBXBuildFile; fileRef = 46DD43352AAA7018001A7914 /* Assets.xcassets */; };
		46DD43392AAA7018001A7914 /* Preview Assets.xcassets in Resources */ = {isa = PBXBuildFile; fileRef = 46DD43382AAA7018001A7914 /* Preview Assets.xcassets */; };
		46DD433B2AAA7018001A7914 /* Persistence.swift in Sources */ = {isa = PBXBuildFile; fileRef = 46DD433A2AAA7018001A7914 /* Persistence.swift */; };
		46DD43452AAB202C001A7914 /* CharactersListView.swift in Sources */ = {isa = PBXBuildFile; fileRef = 46DD43442AAB202C001A7914 /* CharactersListView.swift */; };
		46DD43472AAB2BAA001A7914 /* Models.swift in Sources */ = {isa = PBXBuildFile; fileRef = 46DD43462AAB2BAA001A7914 /* Models.swift */; };
		46DD43492AAB2CD8001A7914 /* APIManager.swift in Sources */ = {isa = PBXBuildFile; fileRef = 46DD43482AAB2CD8001A7914 /* APIManager.swift */; };
		46DD434E2AAB4E52001A7914 /* CharacterDetailsView.swift in Sources */ = {isa = PBXBuildFile; fileRef = 46DD434D2AAB4E52001A7914 /* CharacterDetailsView.swift */; };
		46E636972AAB856400E8E34D /* CharactersListViewModel.swift in Sources */ = {isa = PBXBuildFile; fileRef = 46E636962AAB856400E8E34D /* CharactersListViewModel.swift */; };
		46E6369B2AAB96E400E8E34D /* FavouritesView.swift in Sources */ = {isa = PBXBuildFile; fileRef = 46E6369A2AAB96E400E8E34D /* FavouritesView.swift */; };
		46E6369D2AAB97A700E8E34D /* MainTabView.swift in Sources */ = {isa = PBXBuildFile; fileRef = 46E6369C2AAB97A700E8E34D /* MainTabView.swift */; };
		46E6369F2AABA7C200E8E34D /* PersistanceManager.swift in Sources */ = {isa = PBXBuildFile; fileRef = 46E6369E2AABA7C200E8E34D /* PersistanceManager.swift */; };
		46E636A12AABB71E00E8E34D /* CharacterCellView.swift in Sources */ = {isa = PBXBuildFile; fileRef = 46E636A02AABB71E00E8E34D /* CharacterCellView.swift */; };
		46E636A32AABBF0A00E8E34D /* SearchView.swift in Sources */ = {isa = PBXBuildFile; fileRef = 46E636A22AABBF0A00E8E34D /* SearchView.swift */; };
		46E636A72AABC88400E8E34D /* StaticCharacterListView.swift in Sources */ = {isa = PBXBuildFile; fileRef = 46E636A62AABC88400E8E34D /* StaticCharacterListView.swift */; };
		46E636AA2AAF15D200E8E34D /* Constants.swift in Sources */ = {isa = PBXBuildFile; fileRef = 46E636A92AAF15D200E8E34D /* Constants.swift */; };
/* End PBXBuildFile section */

/* Begin PBXFileReference section */
		4691AE072AB0F8E800725982 /* RickAndMorty.xcdatamodel */ = {isa = PBXFileReference; lastKnownFileType = wrapper.xcdatamodel; path = RickAndMorty.xcdatamodel; sourceTree = "<group>"; };
		46DD432E2AAA7017001A7914 /* RickAndMorty.app */ = {isa = PBXFileReference; explicitFileType = wrapper.application; includeInIndex = 0; path = RickAndMorty.app; sourceTree = BUILT_PRODUCTS_DIR; };
		46DD43312AAA7017001A7914 /* RickAndMortyApp.swift */ = {isa = PBXFileReference; lastKnownFileType = sourcecode.swift; path = RickAndMortyApp.swift; sourceTree = "<group>"; };
		46DD43352AAA7018001A7914 /* Assets.xcassets */ = {isa = PBXFileReference; lastKnownFileType = folder.assetcatalog; path = Assets.xcassets; sourceTree = "<group>"; };
		46DD43382AAA7018001A7914 /* Preview Assets.xcassets */ = {isa = PBXFileReference; lastKnownFileType = folder.assetcatalog; path = "Preview Assets.xcassets"; sourceTree = "<group>"; };
		46DD433A2AAA7018001A7914 /* Persistence.swift */ = {isa = PBXFileReference; lastKnownFileType = sourcecode.swift; path = Persistence.swift; sourceTree = "<group>"; };
		46DD43442AAB202C001A7914 /* CharactersListView.swift */ = {isa = PBXFileReference; lastKnownFileType = sourcecode.swift; path = CharactersListView.swift; sourceTree = "<group>"; };
		46DD43462AAB2BAA001A7914 /* Models.swift */ = {isa = PBXFileReference; lastKnownFileType = sourcecode.swift; path = Models.swift; sourceTree = "<group>"; };
		46DD43482AAB2CD8001A7914 /* APIManager.swift */ = {isa = PBXFileReference; lastKnownFileType = sourcecode.swift; path = APIManager.swift; sourceTree = "<group>"; };
		46DD434D2AAB4E52001A7914 /* CharacterDetailsView.swift */ = {isa = PBXFileReference; lastKnownFileType = sourcecode.swift; path = CharacterDetailsView.swift; sourceTree = "<group>"; };
		46E636962AAB856400E8E34D /* CharactersListViewModel.swift */ = {isa = PBXFileReference; lastKnownFileType = sourcecode.swift; path = CharactersListViewModel.swift; sourceTree = "<group>"; };
		46E6369A2AAB96E400E8E34D /* FavouritesView.swift */ = {isa = PBXFileReference; lastKnownFileType = sourcecode.swift; path = FavouritesView.swift; sourceTree = "<group>"; };
		46E6369C2AAB97A700E8E34D /* MainTabView.swift */ = {isa = PBXFileReference; lastKnownFileType = sourcecode.swift; path = MainTabView.swift; sourceTree = "<group>"; };
		46E6369E2AABA7C200E8E34D /* PersistanceManager.swift */ = {isa = PBXFileReference; lastKnownFileType = sourcecode.swift; path = PersistanceManager.swift; sourceTree = "<group>"; };
		46E636A02AABB71E00E8E34D /* CharacterCellView.swift */ = {isa = PBXFileReference; lastKnownFileType = sourcecode.swift; path = CharacterCellView.swift; sourceTree = "<group>"; };
		46E636A22AABBF0A00E8E34D /* SearchView.swift */ = {isa = PBXFileReference; lastKnownFileType = sourcecode.swift; path = SearchView.swift; sourceTree = "<group>"; };
		46E636A62AABC88400E8E34D /* StaticCharacterListView.swift */ = {isa = PBXFileReference; lastKnownFileType = sourcecode.swift; path = StaticCharacterListView.swift; sourceTree = "<group>"; };
		46E636A92AAF15D200E8E34D /* Constants.swift */ = {isa = PBXFileReference; lastKnownFileType = sourcecode.swift; path = Constants.swift; sourceTree = "<group>"; };
/* End PBXFileReference section */

/* Begin PBXFrameworksBuildPhase section */
		46DD432B2AAA7017001A7914 /* Frameworks */ = {
			isa = PBXFrameworksBuildPhase;
			buildActionMask = 2147483647;
			files = (
			);
			runOnlyForDeploymentPostprocessing = 0;
		};
/* End PBXFrameworksBuildPhase section */

/* Begin PBXGroup section */
		46DD43252AAA7017001A7914 = {
			isa = PBXGroup;
			children = (
				46DD43302AAA7017001A7914 /* RickAndMorty */,
				46DD432F2AAA7017001A7914 /* Products */,
			);
			sourceTree = "<group>";
		};
		46DD432F2AAA7017001A7914 /* Products */ = {
			isa = PBXGroup;
			children = (
				46DD432E2AAA7017001A7914 /* RickAndMorty.app */,
			);
			name = Products;
			sourceTree = "<group>";
		};
		46DD43302AAA7017001A7914 /* RickAndMorty */ = {
			isa = PBXGroup;
			children = (
				46E636A82AAF15BE00E8E34D /* Utilities */,
				46DD43312AAA7017001A7914 /* RickAndMortyApp.swift */,
				46DD434A2AAB2CDF001A7914 /* DataManager */,
				46DD434C2AAB2D96001A7914 /* Views */,
				46DD434B2AAB2D90001A7914 /* Models */,
				46DD43352AAA7018001A7914 /* Assets.xcassets */,
				46DD433A2AAA7018001A7914 /* Persistence.swift */,
				4691AE062AB0F8E800725982 /* RickAndMorty.xcdatamodeld */,
				46DD43372AAA7018001A7914 /* Preview Content */,
			);
			path = RickAndMorty;
			sourceTree = "<group>";
		};
		46DD43372AAA7018001A7914 /* Preview Content */ = {
			isa = PBXGroup;
			children = (
				46DD43382AAA7018001A7914 /* Preview Assets.xcassets */,
			);
			path = "Preview Content";
			sourceTree = "<group>";
		};
		46DD434A2AAB2CDF001A7914 /* DataManager */ = {
			isa = PBXGroup;
			children = (
				46DD43482AAB2CD8001A7914 /* APIManager.swift */,
				46E6369E2AABA7C200E8E34D /* PersistanceManager.swift */,
			);
			path = DataManager;
			sourceTree = "<group>";
		};
		46DD434B2AAB2D90001A7914 /* Models */ = {
			isa = PBXGroup;
			children = (
				46DD43462AAB2BAA001A7914 /* Models.swift */,
			);
			path = Models;
			sourceTree = "<group>";
		};
		46DD434C2AAB2D96001A7914 /* Views */ = {
			isa = PBXGroup;
			children = (
				46E6369C2AAB97A700E8E34D /* MainTabView.swift */,
				46DD434D2AAB4E52001A7914 /* CharacterDetailsView.swift */,
				46DD43442AAB202C001A7914 /* CharactersListView.swift */,
				46E636962AAB856400E8E34D /* CharactersListViewModel.swift */,
				46E6369A2AAB96E400E8E34D /* FavouritesView.swift */,
				46E636A02AABB71E00E8E34D /* CharacterCellView.swift */,
				46E636A22AABBF0A00E8E34D /* SearchView.swift */,
				46E636A62AABC88400E8E34D /* StaticCharacterListView.swift */,
			);
			path = Views;
			sourceTree = "<group>";
		};
		46E636A82AAF15BE00E8E34D /* Utilities */ = {
			isa = PBXGroup;
			children = (
				46E636A92AAF15D200E8E34D /* Constants.swift */,
			);
			path = Utilities;
			sourceTree = "<group>";
		};
/* End PBXGroup section */

/* Begin PBXNativeTarget section */
		46DD432D2AAA7017001A7914 /* RickAndMorty */ = {
			isa = PBXNativeTarget;
			buildConfigurationList = 46DD43412AAA7018001A7914 /* Build configuration list for PBXNativeTarget "RickAndMorty" */;
			buildPhases = (
				46DD432A2AAA7017001A7914 /* Sources */,
				46DD432B2AAA7017001A7914 /* Frameworks */,
				46DD432C2AAA7017001A7914 /* Resources */,
			);
			buildRules = (
			);
			dependencies = (
			);
			name = RickAndMorty;
			productName = RickAndMorty;
			productReference = 46DD432E2AAA7017001A7914 /* RickAndMorty.app */;
			productType = "com.apple.product-type.application";
		};
/* End PBXNativeTarget section */

/* Begin PBXProject section */
		46DD43262AAA7017001A7914 /* Project object */ = {
			isa = PBXProject;
			attributes = {
				BuildIndependentTargetsInParallel = 1;
				LastSwiftUpdateCheck = 1430;
				LastUpgradeCheck = 1430;
				TargetAttributes = {
					46DD432D2AAA7017001A7914 = {
						CreatedOnToolsVersion = 14.3;
					};
				};
			};
			buildConfigurationList = 46DD43292AAA7017001A7914 /* Build configuration list for PBXProject "RickAndMorty" */;
			compatibilityVersion = "Xcode 14.0";
			developmentRegion = en;
			hasScannedForEncodings = 0;
			knownRegions = (
				en,
				Base,
			);
			mainGroup = 46DD43252AAA7017001A7914;
			productRefGroup = 46DD432F2AAA7017001A7914 /* Products */;
			projectDirPath = "";
			projectRoot = "";
			targets = (
				46DD432D2AAA7017001A7914 /* RickAndMorty */,
			);
		};
/* End PBXProject section */

/* Begin PBXResourcesBuildPhase section */
		46DD432C2AAA7017001A7914 /* Resources */ = {
			isa = PBXResourcesBuildPhase;
			buildActionMask = 2147483647;
			files = (
				46DD43392AAA7018001A7914 /* Preview Assets.xcassets in Resources */,
				46DD43362AAA7018001A7914 /* Assets.xcassets in Resources */,
			);
			runOnlyForDeploymentPostprocessing = 0;
		};
/* End PBXResourcesBuildPhase section */

/* Begin PBXSourcesBuildPhase section */
		46DD432A2AAA7017001A7914 /* Sources */ = {
			isa = PBXSourcesBuildPhase;
			buildActionMask = 2147483647;
			files = (
				46E6369F2AABA7C200E8E34D /* PersistanceManager.swift in Sources */,
				46E636972AAB856400E8E34D /* CharactersListViewModel.swift in Sources */,
				4691AE082AB0F8E800725982 /* RickAndMorty.xcdatamodeld in Sources */,
				46E636A12AABB71E00E8E34D /* CharacterCellView.swift in Sources */,
				46DD43452AAB202C001A7914 /* CharactersListView.swift in Sources */,
				46E636AA2AAF15D200E8E34D /* Constants.swift in Sources */,
				46DD433B2AAA7018001A7914 /* Persistence.swift in Sources */,
				46DD434E2AAB4E52001A7914 /* CharacterDetailsView.swift in Sources */,
				46E636A72AABC88400E8E34D /* StaticCharacterListView.swift in Sources */,
				46E6369D2AAB97A700E8E34D /* MainTabView.swift in Sources */,
				46E636A32AABBF0A00E8E34D /* SearchView.swift in Sources */,
				46DD43472AAB2BAA001A7914 /* Models.swift in Sources */,
				46DD43322AAA7017001A7914 /* RickAndMortyApp.swift in Sources */,
				46E6369B2AAB96E400E8E34D /* FavouritesView.swift in Sources */,
				46DD43492AAB2CD8001A7914 /* APIManager.swift in Sources */,
			);
			runOnlyForDeploymentPostprocessing = 0;
		};
/* End PBXSourcesBuildPhase section */

/* Begin XCBuildConfiguration section */
		46DD433F2AAA7018001A7914 /* Debug */ = {
			isa = XCBuildConfiguration;
			buildSettings = {
				ALWAYS_SEARCH_USER_PATHS = NO;
				CLANG_ANALYZER_NONNULL = YES;
				CLANG_ANALYZER_NUMBER_OBJECT_CONVERSION = YES_AGGRESSIVE;
				CLANG_CXX_LANGUAGE_STANDARD = "gnu++20";
				CLANG_ENABLE_MODULES = YES;
				CLANG_ENABLE_OBJC_ARC = YES;
				CLANG_ENABLE_OBJC_WEAK = YES;
				CLANG_WARN_BLOCK_CAPTURE_AUTORELEASING = YES;
				CLANG_WARN_BOOL_CONVERSION = YES;
				CLANG_WARN_COMMA = YES;
				CLANG_WARN_CONSTANT_CONVERSION = YES;
				CLANG_WARN_DEPRECATED_OBJC_IMPLEMENTATIONS = YES;
				CLANG_WARN_DIRECT_OBJC_ISA_USAGE = YES_ERROR;
				CLANG_WARN_DOCUMENTATION_COMMENTS = YES;
				CLANG_WARN_EMPTY_BODY = YES;
				CLANG_WARN_ENUM_CONVERSION = YES;
				CLANG_WARN_INFINITE_RECURSION = YES;
				CLANG_WARN_INT_CONVERSION = YES;
				CLANG_WARN_NON_LITERAL_NULL_CONVERSION = YES;
				CLANG_WARN_OBJC_IMPLICIT_RETAIN_SELF = YES;
				CLANG_WARN_OBJC_LITERAL_CONVERSION = YES;
				CLANG_WARN_OBJC_ROOT_CLASS = YES_ERROR;
				CLANG_WARN_QUOTED_INCLUDE_IN_FRAMEWORK_HEADER = YES;
				CLANG_WARN_RANGE_LOOP_ANALYSIS = YES;
				CLANG_WARN_STRICT_PROTOTYPES = YES;
				CLANG_WARN_SUSPICIOUS_MOVE = YES;
				CLANG_WARN_UNGUARDED_AVAILABILITY = YES_AGGRESSIVE;
				CLANG_WARN_UNREACHABLE_CODE = YES;
				CLANG_WARN__DUPLICATE_METHOD_MATCH = YES;
				COPY_PHASE_STRIP = NO;
				DEBUG_INFORMATION_FORMAT = dwarf;
				ENABLE_STRICT_OBJC_MSGSEND = YES;
				ENABLE_TESTABILITY = YES;
				GCC_C_LANGUAGE_STANDARD = gnu11;
				GCC_DYNAMIC_NO_PIC = NO;
				GCC_NO_COMMON_BLOCKS = YES;
				GCC_OPTIMIZATION_LEVEL = 0;
				GCC_PREPROCESSOR_DEFINITIONS = (
					"DEBUG=1",
					"$(inherited)",
				);
				GCC_WARN_64_TO_32_BIT_CONVERSION = YES;
				GCC_WARN_ABOUT_RETURN_TYPE = YES_ERROR;
				GCC_WARN_UNDECLARED_SELECTOR = YES;
				GCC_WARN_UNINITIALIZED_AUTOS = YES_AGGRESSIVE;
				GCC_WARN_UNUSED_FUNCTION = YES;
				GCC_WARN_UNUSED_VARIABLE = YES;
				IPHONEOS_DEPLOYMENT_TARGET = 16.4;
				MTL_ENABLE_DEBUG_INFO = INCLUDE_SOURCE;
				MTL_FAST_MATH = YES;
				ONLY_ACTIVE_ARCH = YES;
				SDKROOT = iphoneos;
				SWIFT_ACTIVE_COMPILATION_CONDITIONS = DEBUG;
				SWIFT_OPTIMIZATION_LEVEL = "-Onone";
			};
			name = Debug;
		};
		46DD43402AAA7018001A7914 /* Release */ = {
			isa = XCBuildConfiguration;
			buildSettings = {
				ALWAYS_SEARCH_USER_PATHS = NO;
				CLANG_ANALYZER_NONNULL = YES;
				CLANG_ANALYZER_NUMBER_OBJECT_CONVERSION = YES_AGGRESSIVE;
				CLANG_CXX_LANGUAGE_STANDARD = "gnu++20";
				CLANG_ENABLE_MODULES = YES;
				CLANG_ENABLE_OBJC_ARC = YES;
				CLANG_ENABLE_OBJC_WEAK = YES;
				CLANG_WARN_BLOCK_CAPTURE_AUTORELEASING = YES;
				CLANG_WARN_BOOL_CONVERSION = YES;
				CLANG_WARN_COMMA = YES;
				CLANG_WARN_CONSTANT_CONVERSION = YES;
				CLANG_WARN_DEPRECATED_OBJC_IMPLEMENTATIONS = YES;
				CLANG_WARN_DIRECT_OBJC_ISA_USAGE = YES_ERROR;
				CLANG_WARN_DOCUMENTATION_COMMENTS = YES;
				CLANG_WARN_EMPTY_BODY = YES;
				CLANG_WARN_ENUM_CONVERSION = YES;
				CLANG_WARN_INFINITE_RECURSION = YES;
				CLANG_WARN_INT_CONVERSION = YES;
				CLANG_WARN_NON_LITERAL_NULL_CONVERSION = YES;
				CLANG_WARN_OBJC_IMPLICIT_RETAIN_SELF = YES;
				CLANG_WARN_OBJC_LITERAL_CONVERSION = YES;
				CLANG_WARN_OBJC_ROOT_CLASS = YES_ERROR;
				CLANG_WARN_QUOTED_INCLUDE_IN_FRAMEWORK_HEADER = YES;
				CLANG_WARN_RANGE_LOOP_ANALYSIS = YES;
				CLANG_WARN_STRICT_PROTOTYPES = YES;
				CLANG_WARN_SUSPICIOUS_MOVE = YES;
				CLANG_WARN_UNGUARDED_AVAILABILITY = YES_AGGRESSIVE;
				CLANG_WARN_UNREACHABLE_CODE = YES;
				CLANG_WARN__DUPLICATE_METHOD_MATCH = YES;
				COPY_PHASE_STRIP = NO;
				DEBUG_INFORMATION_FORMAT = "dwarf-with-dsym";
				ENABLE_NS_ASSERTIONS = NO;
				ENABLE_STRICT_OBJC_MSGSEND = YES;
				GCC_C_LANGUAGE_STANDARD = gnu11;
				GCC_NO_COMMON_BLOCKS = YES;
				GCC_WARN_64_TO_32_BIT_CONVERSION = YES;
				GCC_WARN_ABOUT_RETURN_TYPE = YES_ERROR;
				GCC_WARN_UNDECLARED_SELECTOR = YES;
				GCC_WARN_UNINITIALIZED_AUTOS = YES_AGGRESSIVE;
				GCC_WARN_UNUSED_FUNCTION = YES;
				GCC_WARN_UNUSED_VARIABLE = YES;
				IPHONEOS_DEPLOYMENT_TARGET = 16.4;
				MTL_ENABLE_DEBUG_INFO = NO;
				MTL_FAST_MATH = YES;
				SDKROOT = iphoneos;
				SWIFT_COMPILATION_MODE = wholemodule;
				SWIFT_OPTIMIZATION_LEVEL = "-O";
				VALIDATE_PRODUCT = YES;
			};
			name = Release;
		};
		46DD43422AAA7018001A7914 /* Debug */ = {
			isa = XCBuildConfiguration;
			buildSettings = {
				ASSETCATALOG_COMPILER_APPICON_NAME = AppIcon;
				ASSETCATALOG_COMPILER_GLOBAL_ACCENT_COLOR_NAME = AccentColor;
				CODE_SIGN_STYLE = Automatic;
				CURRENT_PROJECT_VERSION = 1;
				DEVELOPMENT_ASSET_PATHS = "\"RickAndMorty/Preview Content\"";
				DEVELOPMENT_TEAM = 22NX7WBF6A;
				ENABLE_PREVIEWS = YES;
				GENERATE_INFOPLIST_FILE = YES;
				INFOPLIST_KEY_UIApplicationSceneManifest_Generation = YES;
				INFOPLIST_KEY_UIApplicationSupportsIndirectInputEvents = YES;
				INFOPLIST_KEY_UILaunchScreen_Generation = YES;
				INFOPLIST_KEY_UISupportedInterfaceOrientations_iPad = "UIInterfaceOrientationPortrait UIInterfaceOrientationPortraitUpsideDown UIInterfaceOrientationLandscapeLeft UIInterfaceOrientationLandscapeRight";
				INFOPLIST_KEY_UISupportedInterfaceOrientations_iPhone = "UIInterfaceOrientationPortrait UIInterfaceOrientationLandscapeLeft UIInterfaceOrientationLandscapeRight";
				LD_RUNPATH_SEARCH_PATHS = (
					"$(inherited)",
					"@executable_path/Frameworks",
				);
				MARKETING_VERSION = 1.0;
				PRODUCT_BUNDLE_IDENTIFIER = patka.RickAndMorty;
				PRODUCT_NAME = "$(TARGET_NAME)";
				SWIFT_EMIT_LOC_STRINGS = YES;
				SWIFT_VERSION = 5.0;
				TARGETED_DEVICE_FAMILY = "1,2";
			};
			name = Debug;
		};
		46DD43432AAA7018001A7914 /* Release */ = {
			isa = XCBuildConfiguration;
			buildSettings = {
				ASSETCATALOG_COMPILER_APPICON_NAME = AppIcon;
				ASSETCATALOG_COMPILER_GLOBAL_ACCENT_COLOR_NAME = AccentColor;
				CODE_SIGN_STYLE = Automatic;
				CURRENT_PROJECT_VERSION = 1;
				DEVELOPMENT_ASSET_PATHS = "\"RickAndMorty/Preview Content\"";
				DEVELOPMENT_TEAM = 22NX7WBF6A;
				ENABLE_PREVIEWS = YES;
				GENERATE_INFOPLIST_FILE = YES;
				INFOPLIST_KEY_UIApplicationSceneManifest_Generation = YES;
				INFOPLIST_KEY_UIApplicationSupportsIndirectInputEvents = YES;
				INFOPLIST_KEY_UILaunchScreen_Generation = YES;
				INFOPLIST_KEY_UISupportedInterfaceOrientations_iPad = "UIInterfaceOrientationPortrait UIInterfaceOrientationPortraitUpsideDown UIInterfaceOrientationLandscapeLeft UIInterfaceOrientationLandscapeRight";
				INFOPLIST_KEY_UISupportedInterfaceOrientations_iPhone = "UIInterfaceOrientationPortrait UIInterfaceOrientationLandscapeLeft UIInterfaceOrientationLandscapeRight";
				LD_RUNPATH_SEARCH_PATHS = (
					"$(inherited)",
					"@executable_path/Frameworks",
				);
				MARKETING_VERSION = 1.0;
				PRODUCT_BUNDLE_IDENTIFIER = patka.RickAndMorty;
				PRODUCT_NAME = "$(TARGET_NAME)";
				SWIFT_EMIT_LOC_STRINGS = YES;
				SWIFT_VERSION = 5.0;
				TARGETED_DEVICE_FAMILY = "1,2";
			};
			name = Release;
		};
/* End XCBuildConfiguration section */

/* Begin XCConfigurationList section */
		46DD43292AAA7017001A7914 /* Build configuration list for PBXProject "RickAndMorty" */ = {
			isa = XCConfigurationList;
			buildConfigurations = (
				46DD433F2AAA7018001A7914 /* Debug */,
				46DD43402AAA7018001A7914 /* Release */,
			);
			defaultConfigurationIsVisible = 0;
			defaultConfigurationName = Release;
		};
		46DD43412AAA7018001A7914 /* Build configuration list for PBXNativeTarget "RickAndMorty" */ = {
			isa = XCConfigurationList;
			buildConfigurations = (
				46DD43422AAA7018001A7914 /* Debug */,
				46DD43432AAA7018001A7914 /* Release */,
			);
			defaultConfigurationIsVisible = 0;
			defaultConfigurationName = Release;
		};
/* End XCConfigurationList section */

/* Begin XCVersionGroup section */
		4691AE062AB0F8E800725982 /* RickAndMorty.xcdatamodeld */ = {
			isa = XCVersionGroup;
			children = (
				4691AE072AB0F8E800725982 /* RickAndMorty.xcdatamodel */,
			);
			currentVersion = 4691AE072AB0F8E800725982 /* RickAndMorty.xcdatamodel */;
			path = RickAndMorty.xcdatamodeld;
			sourceTree = "<group>";
			versionGroupType = wrapper.xcdatamodel;
		};
/* End XCVersionGroup section */
	};
	rootObject = 46DD43262AAA7017001A7914 /* Project object */;
}
